
Microsoft Visual Studio Solution File, Format Version 10.00
# Visual Studio 2008
Project("{8BC9CEB8-8B4A-11D0-8D11-00A0C91BC942}") = "FileSystem", "FileSystem\FileSystem.vcproj", "{4227E5F0-498D-477B-8BD4-1F4611819E76}"
EndProject
Project("{8BC9CEB8-8B4A-11D0-8D11-00A0C91BC942}") = "DllImportMango", "DllImportMango\DllImportMango.vcproj", "{2363ED46-CDE1-40D9-A413-74631A0E3607}"
EndProject
Global
	GlobalSection(SolutionConfigurationPlatforms) = preSolution
		Debug|Mixed Platforms = Debug|Mixed Platforms
		Debug|Win32 = Debug|Win32
		Debug|Windows Mobile 6 Professional SDK (ARMV4I) = Debug|Windows Mobile 6 Professional SDK (ARMV4I)
		Release|Mixed Platforms = Release|Mixed Platforms
		Release|Win32 = Release|Win32
		Release|Windows Mobile 6 Professional SDK (ARMV4I) = Release|Windows Mobile 6 Professional SDK (ARMV4I)
	EndGlobalSection
	GlobalSection(ProjectConfigurationPlatforms) = postSolution
		{4227E5F0-498D-477B-8BD4-1F4611819E76}.Debug|Mixed Platforms.ActiveCfg = Debug|Windows Mobile 6 Professional SDK (ARMV4I)
		{4227E5F0-498D-477B-8BD4-1F4611819E76}.Debug|Mixed Platforms.Build.0 = Debug|Windows Mobile 6 Professional SDK (ARMV4I)
		{4227E5F0-498D-477B-8BD4-1F4611819E76}.Debug|Mixed Platforms.Deploy.0 = Debug|Windows Mobile 6 Professional SDK (ARMV4I)
		{4227E5F0-498D-477B-8BD4-1F4611819E76}.Debug|Win32.ActiveCfg = Debug|Windows Mobile 6 Professional SDK (ARMV4I)
		{4227E5F0-498D-477B-8BD4-1F4611819E76}.Debug|Windows Mobile 6 Professional SDK (ARMV4I).ActiveCfg = Debug|Windows Mobile 6 Professional SDK (ARMV4I)
		{4227E5F0-498D-477B-8BD4-1F4611819E76}.Debug|Windows Mobile 6 Professional SDK (ARMV4I).Build.0 = Debug|Windows Mobile 6 Professional SDK (ARMV4I)
		{4227E5F0-498D-477B-8BD4-1F4611819E76}.Debug|Windows Mobile 6 Professional SDK (ARMV4I).Deploy.0 = Debug|Windows Mobile 6 Professional SDK (ARMV4I)
		{4227E5F0-498D-477B-8BD4-1F4611819E76}.Release|Mixed Platforms.ActiveCfg = Release|Windows Mobile 6 Professional SDK (ARMV4I)
		{4227E5F0-498D-477B-8BD4-1F4611819E76}.Release|Mixed Platforms.Build.0 = Release|Windows Mobile 6 Professional SDK (ARMV4I)
		{4227E5F0-498D-477B-8BD4-1F4611819E76}.Release|Mixed Platforms.Deploy.0 = Release|Windows Mobile 6 Professional SDK (ARMV4I)
		{4227E5F0-498D-477B-8BD4-1F4611819E76}.Release|Win32.ActiveCfg = Release|Windows Mobile 6 Professional SDK (ARMV4I)
		{4227E5F0-498D-477B-8BD4-1F4611819E76}.Release|Windows Mobile 6 Professional SDK (ARMV4I).ActiveCfg = Release|Windows Mobile 6 Professional SDK (ARMV4I)
		{4227E5F0-498D-477B-8BD4-1F4611819E76}.Release|Windows Mobile 6 Professional SDK (ARMV4I).Build.0 = Release|Windows Mobile 6 Professional SDK (ARMV4I)
		{4227E5F0-498D-477B-8BD4-1F4611819E76}.Release|Windows Mobile 6 Professional SDK (ARMV4I).Deploy.0 = Release|Windows Mobile 6 Professional SDK (ARMV4I)
		{2363ED46-CDE1-40D9-A413-74631A0E3607}.Debug|Mixed Platforms.ActiveCfg = Debug|Windows Mobile 6 Professional SDK (ARMV4I)
		{2363ED46-CDE1-40D9-A413-74631A0E3607}.Debug|Mixed Platforms.Build.0 = Debug|Windows Mobile 6 Professional SDK (ARMV4I)
		{2363ED46-CDE1-40D9-A413-74631A0E3607}.Debug|Mixed Platforms.Deploy.0 = Debug|Windows Mobile 6 Professional SDK (ARMV4I)
		{2363ED46-CDE1-40D9-A413-74631A0E3607}.Debug|Win32.ActiveCfg = Debug|Windows Mobile 6 Professional SDK (ARMV4I)
		{2363ED46-CDE1-40D9-A413-74631A0E3607}.Debug|Windows Mobile 6 Professional SDK (ARMV4I).ActiveCfg = Debug|Windows Mobile 6 Professional SDK (ARMV4I)
		{2363ED46-CDE1-40D9-A413-74631A0E3607}.Debug|Windows Mobile 6 Professional SDK (ARMV4I).Build.0 = Debug|Windows Mobile 6 Professional SDK (ARMV4I)
		{2363ED46-CDE1-40D9-A413-74631A0E3607}.Debug|Windows Mobile 6 Professional SDK (ARMV4I).Deploy.0 = Debug|Windows Mobile 6 Professional SDK (ARMV4I)
		{2363ED46-CDE1-40D9-A413-74631A0E3607}.Release|Mixed Platforms.ActiveCfg = Release|Windows Mobile 6 Professional SDK (ARMV4I)
		{2363ED46-CDE1-40D9-A413-74631A0E3607}.Release|Mixed Platforms.Build.0 = Release|Windows Mobile 6 Professional SDK (ARMV4I)
		{2363ED46-CDE1-40D9-A413-74631A0E3607}.Release|Mixed Platforms.Deploy.0 = Release|Windows Mobile 6 Professional SDK (ARMV4I)
		{2363ED46-CDE1-40D9-A413-74631A0E3607}.Release|Win32.ActiveCfg = Release|Windows Mobile 6 Professional SDK (ARMV4I)
		{2363ED46-CDE1-40D9-A413-74631A0E3607}.Release|Windows Mobile 6 Professional SDK (ARMV4I).ActiveCfg = Release|Windows Mobile 6 Professional SDK (ARMV4I)
		{2363ED46-CDE1-40D9-A413-74631A0E3607}.Release|Windows Mobile 6 Professional SDK (ARMV4I).Build.0 = Release|Windows Mobile 6 Professional SDK (ARMV4I)
		{2363ED46-CDE1-40D9-A413-74631A0E3607}.Release|Windows Mobile 6 Professional SDK (ARMV4I).Deploy.0 = Release|Windows Mobile 6 Professional SDK (ARMV4I)
	EndGlobalSection
	GlobalSection(SolutionProperties) = preSolution
		HideSolutionNode = FALSE
	EndGlobalSection
EndGlobal
